// !$*UTF8*$!
{
	archiveVersion = 1;
	classes = {
	};
	objectVersion = 55;
	objects = {

/* Begin PBXBuildFile section */
		C8BA6E8B2737B3BD0099A134 /* HTMLString.swift in Sources */ = {isa = PBXBuildFile; fileRef = C8BA6E8A2737B3BD0099A134 /* HTMLString.swift */; };
		C8C8D55A27242B8A00FB0CAB /* SWDataSandboxApp.swift in Sources */ = {isa = PBXBuildFile; fileRef = C8C8D55927242B8A00FB0CAB /* SWDataSandboxApp.swift */; };
		C8C8D55C27242B8A00FB0CAB /* ContentView.swift in Sources */ = {isa = PBXBuildFile; fileRef = C8C8D55B27242B8A00FB0CAB /* ContentView.swift */; };
		C8C8D55E27242B8C00FB0CAB /* Assets.xcassets in Resources */ = {isa = PBXBuildFile; fileRef = C8C8D55D27242B8C00FB0CAB /* Assets.xcassets */; };
		C8C8D56127242B8C00FB0CAB /* Preview Assets.xcassets in Resources */ = {isa = PBXBuildFile; fileRef = C8C8D56027242B8C00FB0CAB /* Preview Assets.xcassets */; };
		C8C8D56827242BEF00FB0CAB /* data_scorewind_courses.json in Resources */ = {isa = PBXBuildFile; fileRef = C8C8D56727242BEF00FB0CAB /* data_scorewind_courses.json */; };
		C8C8D56A27242CE500FB0CAB /* ScorewindCourses.swift in Sources */ = {isa = PBXBuildFile; fileRef = C8C8D56927242CE500FB0CAB /* ScorewindCourses.swift */; };
		C8C8D56C27253ABC00FB0CAB /* Helper.swift in Sources */ = {isa = PBXBuildFile; fileRef = C8C8D56B27253ABC00FB0CAB /* Helper.swift */; };
		C8C8D5742729B6FC00FB0CAB /* CourseView.swift in Sources */ = {isa = PBXBuildFile; fileRef = C8C8D5732729B6FC00FB0CAB /* CourseView.swift */; };
		C8C8D578272BD89700FB0CAB /* NavigationGuideView.swift in Sources */ = {isa = PBXBuildFile; fileRef = C8C8D577272BD89700FB0CAB /* NavigationGuideView.swift */; };
		C8C8D57A272BE09700FB0CAB /* LessonView.swift in Sources */ = {isa = PBXBuildFile; fileRef = C8C8D579272BE09700FB0CAB /* LessonView.swift */; };
		C8C8D57C272C2D2100FB0CAB /* NavigationGuide.swift in Sources */ = {isa = PBXBuildFile; fileRef = C8C8D57B272C2D2100FB0CAB /* NavigationGuide.swift */; };
		C8D0E82F276E0060002D8AD3 /* ViewModel.swift in Sources */ = {isa = PBXBuildFile; fileRef = C8D0E82E276E0060002D8AD3 /* ViewModel.swift */; };
		C8D0E831276E272C002D8AD3 /* WebView.swift in Sources */ = {isa = PBXBuildFile; fileRef = C8D0E830276E272C002D8AD3 /* WebView.swift */; };
		C8D0E833276E2749002D8AD3 /* Loader.swift in Sources */ = {isa = PBXBuildFile; fileRef = C8D0E832276E2749002D8AD3 /* Loader.swift */; };
		C8E77A6E2769F4B500BC2405 /* LoaderView.swift in Sources */ = {isa = PBXBuildFile; fileRef = C8E77A6D2769F4B500BC2405 /* LoaderView.swift */; };
		C8E77A70276B3C6200BC2405 /* LessonVideoView.swift in Sources */ = {isa = PBXBuildFile; fileRef = C8E77A6F276B3C6200BC2405 /* LessonVideoView.swift */; };
		C8E77A74276B3DE100BC2405 /* LessonPartialView2.swift in Sources */ = {isa = PBXBuildFile; fileRef = C8E77A73276B3DE100BC2405 /* LessonPartialView2.swift */; };
		C8E77A76276B406400BC2405 /* LessonPartialView1.swift in Sources */ = {isa = PBXBuildFile; fileRef = C8E77A75276B406400BC2405 /* LessonPartialView1.swift */; };
		C8E77A78276C559E00BC2405 /* ScoreViewer.swift in Sources */ = {isa = PBXBuildFile; fileRef = C8E77A77276C559E00BC2405 /* ScoreViewer.swift */; };
		C8E77A7A276C6A6200BC2405 /* www in Resources */ = {isa = PBXBuildFile; fileRef = C8E77A79276C6A6200BC2405 /* www */; };
/* End PBXBuildFile section */

/* Begin PBXFileReference section */
		C8BA6E8A2737B3BD0099A134 /* HTMLString.swift */ = {isa = PBXFileReference; lastKnownFileType = sourcecode.swift; path = HTMLString.swift; sourceTree = "<group>"; };
		C8C8D55627242B8A00FB0CAB /* SWDataSandbox.app */ = {isa = PBXFileReference; explicitFileType = wrapper.application; includeInIndex = 0; path = SWDataSandbox.app; sourceTree = BUILT_PRODUCTS_DIR; };
		C8C8D55927242B8A00FB0CAB /* SWDataSandboxApp.swift */ = {isa = PBXFileReference; lastKnownFileType = sourcecode.swift; path = SWDataSandboxApp.swift; sourceTree = "<group>"; };
		C8C8D55B27242B8A00FB0CAB /* ContentView.swift */ = {isa = PBXFileReference; lastKnownFileType = sourcecode.swift; path = ContentView.swift; sourceTree = "<group>"; };
		C8C8D55D27242B8C00FB0CAB /* Assets.xcassets */ = {isa = PBXFileReference; lastKnownFileType = folder.assetcatalog; path = Assets.xcassets; sourceTree = "<group>"; };
		C8C8D56027242B8C00FB0CAB /* Preview Assets.xcassets */ = {isa = PBXFileReference; lastKnownFileType = folder.assetcatalog; path = "Preview Assets.xcassets"; sourceTree = "<group>"; };
		C8C8D56727242BEF00FB0CAB /* data_scorewind_courses.json */ = {isa = PBXFileReference; fileEncoding = 4; lastKnownFileType = text.json; path = data_scorewind_courses.json; sourceTree = "<group>"; };
		C8C8D56927242CE500FB0CAB /* ScorewindCourses.swift */ = {isa = PBXFileReference; lastKnownFileType = sourcecode.swift; path = ScorewindCourses.swift; sourceTree = "<group>"; };
		C8C8D56B27253ABC00FB0CAB /* Helper.swift */ = {isa = PBXFileReference; lastKnownFileType = sourcecode.swift; path = Helper.swift; sourceTree = "<group>"; };
		C8C8D5732729B6FC00FB0CAB /* CourseView.swift */ = {isa = PBXFileReference; lastKnownFileType = sourcecode.swift; path = CourseView.swift; sourceTree = "<group>"; };
		C8C8D577272BD89700FB0CAB /* NavigationGuideView.swift */ = {isa = PBXFileReference; lastKnownFileType = sourcecode.swift; path = NavigationGuideView.swift; sourceTree = "<group>"; };
		C8C8D579272BE09700FB0CAB /* LessonView.swift */ = {isa = PBXFileReference; lastKnownFileType = sourcecode.swift; path = LessonView.swift; sourceTree = "<group>"; };
		C8C8D57B272C2D2100FB0CAB /* NavigationGuide.swift */ = {isa = PBXFileReference; lastKnownFileType = sourcecode.swift; path = NavigationGuide.swift; sourceTree = "<group>"; };
		C8D0E82E276E0060002D8AD3 /* ViewModel.swift */ = {isa = PBXFileReference; lastKnownFileType = sourcecode.swift; path = ViewModel.swift; sourceTree = "<group>"; };
		C8D0E830276E272C002D8AD3 /* WebView.swift */ = {isa = PBXFileReference; lastKnownFileType = sourcecode.swift; path = WebView.swift; sourceTree = "<group>"; };
		C8D0E832276E2749002D8AD3 /* Loader.swift */ = {isa = PBXFileReference; lastKnownFileType = sourcecode.swift; path = Loader.swift; sourceTree = "<group>"; };
		C8E77A6D2769F4B500BC2405 /* LoaderView.swift */ = {isa = PBXFileReference; lastKnownFileType = sourcecode.swift; path = LoaderView.swift; sourceTree = "<group>"; };
		C8E77A6F276B3C6200BC2405 /* LessonVideoView.swift */ = {isa = PBXFileReference; lastKnownFileType = sourcecode.swift; path = LessonVideoView.swift; sourceTree = "<group>"; };
		C8E77A73276B3DE100BC2405 /* LessonPartialView2.swift */ = {isa = PBXFileReference; lastKnownFileType = sourcecode.swift; path = LessonPartialView2.swift; sourceTree = "<group>"; };
		C8E77A75276B406400BC2405 /* LessonPartialView1.swift */ = {isa = PBXFileReference; lastKnownFileType = sourcecode.swift; path = LessonPartialView1.swift; sourceTree = "<group>"; };
		C8E77A77276C559E00BC2405 /* ScoreViewer.swift */ = {isa = PBXFileReference; lastKnownFileType = sourcecode.swift; path = ScoreViewer.swift; sourceTree = "<group>"; };
		C8E77A79276C6A6200BC2405 /* www */ = {isa = PBXFileReference; lastKnownFileType = folder; path = www; sourceTree = "<group>"; };
/* End PBXFileReference section */

/* Begin PBXFrameworksBuildPhase section */
		C8C8D55327242B8A00FB0CAB /* Frameworks */ = {
			isa = PBXFrameworksBuildPhase;
			buildActionMask = 2147483647;
			files = (
			);
			runOnlyForDeploymentPostprocessing = 0;
		};
/* End PBXFrameworksBuildPhase section */

/* Begin PBXGroup section */
		C8C8D54D27242B8A00FB0CAB = {
			isa = PBXGroup;
			children = (
				C8C8D55827242B8A00FB0CAB /* SWDataSandbox */,
				C8C8D55727242B8A00FB0CAB /* Products */,
			);
			sourceTree = "<group>";
		};
		C8C8D55727242B8A00FB0CAB /* Products */ = {
			isa = PBXGroup;
			children = (
				C8C8D55627242B8A00FB0CAB /* SWDataSandbox.app */,
			);
			name = Products;
			sourceTree = "<group>";
		};
		C8C8D55827242B8A00FB0CAB /* SWDataSandbox */ = {
			isa = PBXGroup;
			children = (
				C8E77A79276C6A6200BC2405 /* www */,
				C8C8D56727242BEF00FB0CAB /* data_scorewind_courses.json */,
				C8C8D55927242B8A00FB0CAB /* SWDataSandboxApp.swift */,
				C8C8D55D27242B8C00FB0CAB /* Assets.xcassets */,
				C8C8D55F27242B8C00FB0CAB /* Preview Content */,
				C8C8D55B27242B8A00FB0CAB /* ContentView.swift */,
				C8C8D5732729B6FC00FB0CAB /* CourseView.swift */,
				C8C8D577272BD89700FB0CAB /* NavigationGuideView.swift */,
				C8C8D579272BE09700FB0CAB /* LessonView.swift */,
				C8E77A6F276B3C6200BC2405 /* LessonVideoView.swift */,
				C8E77A73276B3DE100BC2405 /* LessonPartialView2.swift */,
				C8E77A75276B406400BC2405 /* LessonPartialView1.swift */,
				C8E77A6D2769F4B500BC2405 /* LoaderView.swift */,
				C8BA6E8A2737B3BD0099A134 /* HTMLString.swift */,
				C8E77A77276C559E00BC2405 /* ScoreViewer.swift */,
				C8D0E82E276E0060002D8AD3 /* ViewModel.swift */,
				C8D0E830276E272C002D8AD3 /* WebView.swift */,
				C8D0E832276E2749002D8AD3 /* Loader.swift */,
				C8C8D56B27253ABC00FB0CAB /* Helper.swift */,
				C8C8D56927242CE500FB0CAB /* ScorewindCourses.swift */,
				C8C8D57B272C2D2100FB0CAB /* NavigationGuide.swift */,
			);
			path = SWDataSandbox;
			sourceTree = "<group>";
		};
		C8C8D55F27242B8C00FB0CAB /* Preview Content */ = {
			isa = PBXGroup;
			children = (
				C8C8D56027242B8C00FB0CAB /* Preview Assets.xcassets */,
			);
			path = "Preview Content";
			sourceTree = "<group>";
		};
/* End PBXGroup section */

/* Begin PBXNativeTarget section */
		C8C8D55527242B8A00FB0CAB /* SWDataSandbox */ = {
			isa = PBXNativeTarget;
			buildConfigurationList = C8C8D56427242B8C00FB0CAB /* Build configuration list for PBXNativeTarget "SWDataSandbox" */;
			buildPhases = (
				C8C8D55227242B8A00FB0CAB /* Sources */,
				C8C8D55327242B8A00FB0CAB /* Frameworks */,
				C8C8D55427242B8A00FB0CAB /* Resources */,
			);
			buildRules = (
			);
			dependencies = (
			);
			name = SWDataSandbox;
			productName = SWDataSandbox;
			productReference = C8C8D55627242B8A00FB0CAB /* SWDataSandbox.app */;
			productType = "com.apple.product-type.application";
		};
/* End PBXNativeTarget section */

/* Begin PBXProject section */
		C8C8D54E27242B8A00FB0CAB /* Project object */ = {
			isa = PBXProject;
			attributes = {
				BuildIndependentTargetsInParallel = 1;
				LastSwiftUpdateCheck = 1300;
				LastUpgradeCheck = 1300;
				TargetAttributes = {
					C8C8D55527242B8A00FB0CAB = {
						CreatedOnToolsVersion = 13.0;
					};
				};
			};
			buildConfigurationList = C8C8D55127242B8A00FB0CAB /* Build configuration list for PBXProject "SWDataSandbox" */;
			compatibilityVersion = "Xcode 13.0";
			developmentRegion = en;
			hasScannedForEncodings = 0;
			knownRegions = (
				en,
				Base,
			);
			mainGroup = C8C8D54D27242B8A00FB0CAB;
			productRefGroup = C8C8D55727242B8A00FB0CAB /* Products */;
			projectDirPath = "";
			projectRoot = "";
			targets = (
				C8C8D55527242B8A00FB0CAB /* SWDataSandbox */,
			);
		};
/* End PBXProject section */

/* Begin PBXResourcesBuildPhase section */
		C8C8D55427242B8A00FB0CAB /* Resources */ = {
			isa = PBXResourcesBuildPhase;
			buildActionMask = 2147483647;
			files = (
				C8E77A7A276C6A6200BC2405 /* www in Resources */,
				C8C8D56127242B8C00FB0CAB /* Preview Assets.xcassets in Resources */,
				C8C8D55E27242B8C00FB0CAB /* Assets.xcassets in Resources */,
				C8C8D56827242BEF00FB0CAB /* data_scorewind_courses.json in Resources */,
			);
			runOnlyForDeploymentPostprocessing = 0;
		};
/* End PBXResourcesBuildPhase section */

/* Begin PBXSourcesBuildPhase section */
		C8C8D55227242B8A00FB0CAB /* Sources */ = {
			isa = PBXSourcesBuildPhase;
			buildActionMask = 2147483647;
			files = (
				C8C8D57A272BE09700FB0CAB /* LessonView.swift in Sources */,
				C8C8D55C27242B8A00FB0CAB /* ContentView.swift in Sources */,
				C8C8D55A27242B8A00FB0CAB /* SWDataSandboxApp.swift in Sources */,
				C8C8D5742729B6FC00FB0CAB /* CourseView.swift in Sources */,
				C8E77A76276B406400BC2405 /* LessonPartialView1.swift in Sources */,
				C8E77A74276B3DE100BC2405 /* LessonPartialView2.swift in Sources */,
				C8D0E82F276E0060002D8AD3 /* ViewModel.swift in Sources */,
				C8C8D56A27242CE500FB0CAB /* ScorewindCourses.swift in Sources */,
				C8D0E833276E2749002D8AD3 /* Loader.swift in Sources */,
				C8BA6E8B2737B3BD0099A134 /* HTMLString.swift in Sources */,
				C8C8D56C27253ABC00FB0CAB /* Helper.swift in Sources */,
				C8E77A6E2769F4B500BC2405 /* LoaderView.swift in Sources */,
				C8D0E831276E272C002D8AD3 /* WebView.swift in Sources */,
				C8C8D57C272C2D2100FB0CAB /* NavigationGuide.swift in Sources */,
				C8E77A70276B3C6200BC2405 /* LessonVideoView.swift in Sources */,
				C8E77A78276C559E00BC2405 /* ScoreViewer.swift in Sources */,
				C8C8D578272BD89700FB0CAB /* NavigationGuideView.swift in Sources */,
			);
			runOnlyForDeploymentPostprocessing = 0;
		};
/* End PBXSourcesBuildPhase section */

/* Begin XCBuildConfiguration section */
		C8C8D56227242B8C00FB0CAB /* Debug */ = {
			isa = XCBuildConfiguration;
			buildSettings = {
				ALWAYS_SEARCH_USER_PATHS = NO;
				CLANG_ANALYZER_NONNULL = YES;
				CLANG_ANALYZER_NUMBER_OBJECT_CONVERSION = YES_AGGRESSIVE;
				CLANG_CXX_LANGUAGE_STANDARD = "gnu++17";
				CLANG_CXX_LIBRARY = "libc++";
				CLANG_ENABLE_MODULES = YES;
				CLANG_ENABLE_OBJC_ARC = YES;
				CLANG_ENABLE_OBJC_WEAK = YES;
				CLANG_WARN_BLOCK_CAPTURE_AUTORELEASING = YES;
				CLANG_WARN_BOOL_CONVERSION = YES;
				CLANG_WARN_COMMA = YES;
				CLANG_WARN_CONSTANT_CONVERSION = YES;
				CLANG_WARN_DEPRECATED_OBJC_IMPLEMENTATIONS = YES;
				CLANG_WARN_DIRECT_OBJC_ISA_USAGE = YES_ERROR;
				CLANG_WARN_DOCUMENTATION_COMMENTS = YES;
				CLANG_WARN_EMPTY_BODY = YES;
				CLANG_WARN_ENUM_CONVERSION = YES;
				CLANG_WARN_INFINITE_RECURSION = YES;
				CLANG_WARN_INT_CONVERSION = YES;
				CLANG_WARN_NON_LITERAL_NULL_CONVERSION = YES;
				CLANG_WARN_OBJC_IMPLICIT_RETAIN_SELF = YES;
				CLANG_WARN_OBJC_LITERAL_CONVERSION = YES;
				CLANG_WARN_OBJC_ROOT_CLASS = YES_ERROR;
				CLANG_WARN_QUOTED_INCLUDE_IN_FRAMEWORK_HEADER = YES;
				CLANG_WARN_RANGE_LOOP_ANALYSIS = YES;
				CLANG_WARN_STRICT_PROTOTYPES = YES;
				CLANG_WARN_SUSPICIOUS_MOVE = YES;
				CLANG_WARN_UNGUARDED_AVAILABILITY = YES_AGGRESSIVE;
				CLANG_WARN_UNREACHABLE_CODE = YES;
				CLANG_WARN__DUPLICATE_METHOD_MATCH = YES;
				COPY_PHASE_STRIP = NO;
				DEBUG_INFORMATION_FORMAT = dwarf;
				ENABLE_STRICT_OBJC_MSGSEND = YES;
				ENABLE_TESTABILITY = YES;
				GCC_C_LANGUAGE_STANDARD = gnu11;
				GCC_DYNAMIC_NO_PIC = NO;
				GCC_NO_COMMON_BLOCKS = YES;
				GCC_OPTIMIZATION_LEVEL = 0;
				GCC_PREPROCESSOR_DEFINITIONS = (
					"DEBUG=1",
					"$(inherited)",
				);
				GCC_WARN_64_TO_32_BIT_CONVERSION = YES;
				GCC_WARN_ABOUT_RETURN_TYPE = YES_ERROR;
				GCC_WARN_UNDECLARED_SELECTOR = YES;
				GCC_WARN_UNINITIALIZED_AUTOS = YES_AGGRESSIVE;
				GCC_WARN_UNUSED_FUNCTION = YES;
				GCC_WARN_UNUSED_VARIABLE = YES;
				IPHONEOS_DEPLOYMENT_TARGET = 15.0;
				MTL_ENABLE_DEBUG_INFO = INCLUDE_SOURCE;
				MTL_FAST_MATH = YES;
				ONLY_ACTIVE_ARCH = YES;
				SDKROOT = iphoneos;
				SWIFT_ACTIVE_COMPILATION_CONDITIONS = DEBUG;
				SWIFT_OPTIMIZATION_LEVEL = "-Onone";
			};
			name = Debug;
		};
		C8C8D56327242B8C00FB0CAB /* Release */ = {
			isa = XCBuildConfiguration;
			buildSettings = {
				ALWAYS_SEARCH_USER_PATHS = NO;
				CLANG_ANALYZER_NONNULL = YES;
				CLANG_ANALYZER_NUMBER_OBJECT_CONVERSION = YES_AGGRESSIVE;
				CLANG_CXX_LANGUAGE_STANDARD = "gnu++17";
				CLANG_CXX_LIBRARY = "libc++";
				CLANG_ENABLE_MODULES = YES;
				CLANG_ENABLE_OBJC_ARC = YES;
				CLANG_ENABLE_OBJC_WEAK = YES;
				CLANG_WARN_BLOCK_CAPTURE_AUTORELEASING = YES;
				CLANG_WARN_BOOL_CONVERSION = YES;
				CLANG_WARN_COMMA = YES;
				CLANG_WARN_CONSTANT_CONVERSION = YES;
				CLANG_WARN_DEPRECATED_OBJC_IMPLEMENTATIONS = YES;
				CLANG_WARN_DIRECT_OBJC_ISA_USAGE = YES_ERROR;
				CLANG_WARN_DOCUMENTATION_COMMENTS = YES;
				CLANG_WARN_EMPTY_BODY = YES;
				CLANG_WARN_ENUM_CONVERSION = YES;
				CLANG_WARN_INFINITE_RECURSION = YES;
				CLANG_WARN_INT_CONVERSION = YES;
				CLANG_WARN_NON_LITERAL_NULL_CONVERSION = YES;
				CLANG_WARN_OBJC_IMPLICIT_RETAIN_SELF = YES;
				CLANG_WARN_OBJC_LITERAL_CONVERSION = YES;
				CLANG_WARN_OBJC_ROOT_CLASS = YES_ERROR;
				CLANG_WARN_QUOTED_INCLUDE_IN_FRAMEWORK_HEADER = YES;
				CLANG_WARN_RANGE_LOOP_ANALYSIS = YES;
				CLANG_WARN_STRICT_PROTOTYPES = YES;
				CLANG_WARN_SUSPICIOUS_MOVE = YES;
				CLANG_WARN_UNGUARDED_AVAILABILITY = YES_AGGRESSIVE;
				CLANG_WARN_UNREACHABLE_CODE = YES;
				CLANG_WARN__DUPLICATE_METHOD_MATCH = YES;
				COPY_PHASE_STRIP = NO;
				DEBUG_INFORMATION_FORMAT = "dwarf-with-dsym";
				ENABLE_NS_ASSERTIONS = NO;
				ENABLE_STRICT_OBJC_MSGSEND = YES;
				GCC_C_LANGUAGE_STANDARD = gnu11;
				GCC_NO_COMMON_BLOCKS = YES;
				GCC_WARN_64_TO_32_BIT_CONVERSION = YES;
				GCC_WARN_ABOUT_RETURN_TYPE = YES_ERROR;
				GCC_WARN_UNDECLARED_SELECTOR = YES;
				GCC_WARN_UNINITIALIZED_AUTOS = YES_AGGRESSIVE;
				GCC_WARN_UNUSED_FUNCTION = YES;
				GCC_WARN_UNUSED_VARIABLE = YES;
				IPHONEOS_DEPLOYMENT_TARGET = 15.0;
				MTL_ENABLE_DEBUG_INFO = NO;
				MTL_FAST_MATH = YES;
				SDKROOT = iphoneos;
				SWIFT_COMPILATION_MODE = wholemodule;
				SWIFT_OPTIMIZATION_LEVEL = "-O";
				VALIDATE_PRODUCT = YES;
			};
			name = Release;
		};
		C8C8D56527242B8C00FB0CAB /* Debug */ = {
			isa = XCBuildConfiguration;
			buildSettings = {
				ASSETCATALOG_COMPILER_APPICON_NAME = AppIcon;
				ASSETCATALOG_COMPILER_GLOBAL_ACCENT_COLOR_NAME = AccentColor;
				CODE_SIGN_STYLE = Automatic;
				CURRENT_PROJECT_VERSION = 1;
				DEVELOPMENT_ASSET_PATHS = "\"SWDataSandbox/Preview Content\"";
				DEVELOPMENT_TEAM = 23BXR5AUUB;
				ENABLE_PREVIEWS = YES;
				GENERATE_INFOPLIST_FILE = YES;
				INFOPLIST_KEY_UIApplicationSceneManifest_Generation = YES;
				INFOPLIST_KEY_UIApplicationSupportsIndirectInputEvents = YES;
				INFOPLIST_KEY_UILaunchScreen_Generation = YES;
				INFOPLIST_KEY_UISupportedInterfaceOrientations_iPad = "UIInterfaceOrientationPortrait UIInterfaceOrientationPortraitUpsideDown UIInterfaceOrientationLandscapeLeft UIInterfaceOrientationLandscapeRight";
				INFOPLIST_KEY_UISupportedInterfaceOrientations_iPhone = "UIInterfaceOrientationPortrait UIInterfaceOrientationLandscapeLeft UIInterfaceOrientationLandscapeRight";
				IPHONEOS_DEPLOYMENT_TARGET = 14.0;
				LD_RUNPATH_SEARCH_PATHS = (
					"$(inherited)",
					"@executable_path/Frameworks",
				);
				MARKETING_VERSION = 1.0;
				PRODUCT_BUNDLE_IDENTIFIER = tw.elosoft.SWDataSandbox;
				PRODUCT_NAME = "$(TARGET_NAME)";
				SWIFT_EMIT_LOC_STRINGS = YES;
				SWIFT_VERSION = 5.0;
				TARGETED_DEVICE_FAMILY = "1,2";
			};
			name = Debug;
		};
		C8C8D56627242B8C00FB0CAB /* Release */ = {
			isa = XCBuildConfiguration;
			buildSettings = {
				ASSETCATALOG_COMPILER_APPICON_NAME = AppIcon;
				ASSETCATALOG_COMPILER_GLOBAL_ACCENT_COLOR_NAME = AccentColor;
				CODE_SIGN_STYLE = Automatic;
				CURRENT_PROJECT_VERSION = 1;
				DEVELOPMENT_ASSET_PATHS = "\"SWDataSandbox/Preview Content\"";
				DEVELOPMENT_TEAM = 23BXR5AUUB;
				ENABLE_PREVIEWS = YES;
				GENERATE_INFOPLIST_FILE = YES;
				INFOPLIST_KEY_UIApplicationSceneManifest_Generation = YES;
				INFOPLIST_KEY_UIApplicationSupportsIndirectInputEvents = YES;
				INFOPLIST_KEY_UILaunchScreen_Generation = YES;
				INFOPLIST_KEY_UISupportedInterfaceOrientations_iPad = "UIInterfaceOrientationPortrait UIInterfaceOrientationPortraitUpsideDown UIInterfaceOrientationLandscapeLeft UIInterfaceOrientationLandscapeRight";
				INFOPLIST_KEY_UISupportedInterfaceOrientations_iPhone = "UIInterfaceOrientationPortrait UIInterfaceOrientationLandscapeLeft UIInterfaceOrientationLandscapeRight";
				IPHONEOS_DEPLOYMENT_TARGET = 14.0;
				LD_RUNPATH_SEARCH_PATHS = (
					"$(inherited)",
					"@executable_path/Frameworks",
				);
				MARKETING_VERSION = 1.0;
				PRODUCT_BUNDLE_IDENTIFIER = tw.elosoft.SWDataSandbox;
				PRODUCT_NAME = "$(TARGET_NAME)";
				SWIFT_EMIT_LOC_STRINGS = YES;
				SWIFT_VERSION = 5.0;
				TARGETED_DEVICE_FAMILY = "1,2";
			};
			name = Release;
		};
/* End XCBuildConfiguration section */

/* Begin XCConfigurationList section */
		C8C8D55127242B8A00FB0CAB /* Build configuration list for PBXProject "SWDataSandbox" */ = {
			isa = XCConfigurationList;
			buildConfigurations = (
				C8C8D56227242B8C00FB0CAB /* Debug */,
				C8C8D56327242B8C00FB0CAB /* Release */,
			);
			defaultConfigurationIsVisible = 0;
			defaultConfigurationName = Release;
		};
		C8C8D56427242B8C00FB0CAB /* Build configuration list for PBXNativeTarget "SWDataSandbox" */ = {
			isa = XCConfigurationList;
			buildConfigurations = (
				C8C8D56527242B8C00FB0CAB /* Debug */,
				C8C8D56627242B8C00FB0CAB /* Release */,
			);
			defaultConfigurationIsVisible = 0;
			defaultConfigurationName = Release;
		};
/* End XCConfigurationList section */
	};
	rootObject = C8C8D54E27242B8A00FB0CAB /* Project object */;
}
